
Microsoft Visual Studio Solution File, Format Version 12.00
# Visual Studio Version 16
VisualStudioVersion = 16.0.809.6
MinimumVisualStudioVersion = 10.0.40219.1
Project("{FAE04EC0-301F-11D3-BF4B-00C04F79EFBC}") = "Inventory.Core", "Inventory.Core\Inventory.Core.csproj", "{74B258BF-B559-4BF6-BA69-DAEC9C908DBC}"
EndProject
Project("{FAE04EC0-301F-11D3-BF4B-00C04F79EFBC}") = "Inventory.Test", "Inventory.Test\Inventory.Test.csproj", "{6043D565-ED33-4738-BB12-19198755A853}"
EndProject
Global
	GlobalSection(SolutionConfigurationPlatforms) = preSolution
		Debug|Any CPU = Debug|Any CPU
		Release|Any CPU = Release|Any CPU
	EndGlobalSection
	GlobalSection(ProjectConfigurationPlatforms) = postSolution
		{74B258BF-B559-4BF6-BA69-DAEC9C908DBC}.Debug|Any CPU.ActiveCfg = Debug|Any CPU
		{74B258BF-B559-4BF6-BA69-DAEC9C908DBC}.Debug|Any CPU.Build.0 = Debug|Any CPU
		{74B258BF-B559-4BF6-BA69-DAEC9C908DBC}.Release|Any CPU.ActiveCfg = Release|Any CPU
		{74B258BF-B559-4BF6-BA69-DAEC9C908DBC}.Release|Any CPU.Build.0 = Release|Any CPU
		{6043D565-ED33-4738-BB12-19198755A853}.Debug|Any CPU.ActiveCfg = Debug|Any CPU
		{6043D565-ED33-4738-BB12-19198755A853}.Debug|Any CPU.Build.0 = Debug|Any CPU
		{6043D565-ED33-4738-BB12-19198755A853}.Release|Any CPU.ActiveCfg = Release|Any CPU
		{6043D565-ED33-4738-BB12-19198755A853}.Release|Any CPU.Build.0 = Release|Any CPU
	EndGlobalSection
	GlobalSection(SolutionProperties) = preSolution
		HideSolutionNode = FALSE
	EndGlobalSection
	GlobalSection(ExtensibilityGlobals) = postSolution
		SolutionGuid = {726EE516-1E86-481B-AC63-8CDE898D989A}
	EndGlobalSection
EndGlobal
